// !$*UTF8*$!
{
	archiveVersion = 1;
	classes = {
	};
	objectVersion = 50;
	objects = {

/* Begin PBXBuildFile section */
		28FD1FBC21573830009E986C /* AppDelegate.swift in Sources */ = {isa = PBXBuildFile; fileRef = 28FD1FBB21573830009E986C /* AppDelegate.swift */; };
		28FD1FBE21573830009E986C /* ViewController.swift in Sources */ = {isa = PBXBuildFile; fileRef = 28FD1FBD21573830009E986C /* ViewController.swift */; };
		28FD1FC121573830009E986C /* Main.storyboard in Resources */ = {isa = PBXBuildFile; fileRef = 28FD1FBF21573830009E986C /* Main.storyboard */; };
		28FD1FC321573833009E986C /* Assets.xcassets in Resources */ = {isa = PBXBuildFile; fileRef = 28FD1FC221573833009E986C /* Assets.xcassets */; };
		28FD1FC621573833009E986C /* LaunchScreen.storyboard in Resources */ = {isa = PBXBuildFile; fileRef = 28FD1FC421573833009E986C /* LaunchScreen.storyboard */; };
		28FD1FD121573833009E986C /* SeguesTests.swift in Sources */ = {isa = PBXBuildFile; fileRef = 28FD1FD021573833009E986C /* SeguesTests.swift */; };
		28FD1FDC21573833009E986C /* SeguesUITests.swift in Sources */ = {isa = PBXBuildFile; fileRef = 28FD1FDB21573833009E986C /* SeguesUITests.swift */; };
		28FD1FEA21573913009E986C /* SecondViewController.swift in Sources */ = {isa = PBXBuildFile; fileRef = 28FD1FE921573913009E986C /* SecondViewController.swift */; };
		28FD1FED2157C1E2009E986C /* FirstScreen.swift in Sources */ = {isa = PBXBuildFile; fileRef = 28FD1FEC2157C1E2009E986C /* FirstScreen.swift */; };
		28FD1FEF2157C1F8009E986C /* SecondScreen.swift in Sources */ = {isa = PBXBuildFile; fileRef = 28FD1FEE2157C1F8009E986C /* SecondScreen.swift */; };
/* End PBXBuildFile section */

/* Begin PBXContainerItemProxy section */
		28FD1FCD21573833009E986C /* PBXContainerItemProxy */ = {
			isa = PBXContainerItemProxy;
			containerPortal = 28FD1FB021573830009E986C /* Project object */;
			proxyType = 1;
			remoteGlobalIDString = 28FD1FB721573830009E986C;
			remoteInfo = Segues;
		};
		28FD1FD821573833009E986C /* PBXContainerItemProxy */ = {
			isa = PBXContainerItemProxy;
			containerPortal = 28FD1FB021573830009E986C /* Project object */;
			proxyType = 1;
			remoteGlobalIDString = 28FD1FB721573830009E986C;
			remoteInfo = Segues;
		};
/* End PBXContainerItemProxy section */

/* Begin PBXFileReference section */
		28FD1FB821573830009E986C /* Segues.app */ = {isa = PBXFileReference; explicitFileType = wrapper.application; includeInIndex = 0; path = Segues.app; sourceTree = BUILT_PRODUCTS_DIR; };
		28FD1FBB21573830009E986C /* AppDelegate.swift */ = {isa = PBXFileReference; lastKnownFileType = sourcecode.swift; path = AppDelegate.swift; sourceTree = "<group>"; };
		28FD1FBD21573830009E986C /* ViewController.swift */ = {isa = PBXFileReference; lastKnownFileType = sourcecode.swift; path = ViewController.swift; sourceTree = "<group>"; };
		28FD1FC021573830009E986C /* Base */ = {isa = PBXFileReference; lastKnownFileType = file.storyboard; name = Base; path = Base.lproj/Main.storyboard; sourceTree = "<group>"; };
		28FD1FC221573833009E986C /* Assets.xcassets */ = {isa = PBXFileReference; lastKnownFileType = folder.assetcatalog; path = Assets.xcassets; sourceTree = "<group>"; };
		28FD1FC521573833009E986C /* Base */ = {isa = PBXFileReference; lastKnownFileType = file.storyboard; name = Base; path = Base.lproj/LaunchScreen.storyboard; sourceTree = "<group>"; };
		28FD1FC721573833009E986C /* Info.plist */ = {isa = PBXFileReference; lastKnownFileType = text.plist.xml; path = Info.plist; sourceTree = "<group>"; };
		28FD1FCC21573833009E986C /* SeguesTests.xctest */ = {isa = PBXFileReference; explicitFileType = wrapper.cfbundle; includeInIndex = 0; path = SeguesTests.xctest; sourceTree = BUILT_PRODUCTS_DIR; };
		28FD1FD021573833009E986C /* SeguesTests.swift */ = {isa = PBXFileReference; lastKnownFileType = sourcecode.swift; path = SeguesTests.swift; sourceTree = "<group>"; };
		28FD1FD221573833009E986C /* Info.plist */ = {isa = PBXFileReference; lastKnownFileType = text.plist.xml; path = Info.plist; sourceTree = "<group>"; };
		28FD1FD721573833009E986C /* SeguesUITests.xctest */ = {isa = PBXFileReference; explicitFileType = wrapper.cfbundle; includeInIndex = 0; path = SeguesUITests.xctest; sourceTree = BUILT_PRODUCTS_DIR; };
		28FD1FDB21573833009E986C /* SeguesUITests.swift */ = {isa = PBXFileReference; lastKnownFileType = sourcecode.swift; path = SeguesUITests.swift; sourceTree = "<group>"; };
		28FD1FDD21573833009E986C /* Info.plist */ = {isa = PBXFileReference; lastKnownFileType = text.plist.xml; path = Info.plist; sourceTree = "<group>"; };
		28FD1FE921573913009E986C /* SecondViewController.swift */ = {isa = PBXFileReference; lastKnownFileType = sourcecode.swift; path = SecondViewController.swift; sourceTree = "<group>"; };
		28FD1FEC2157C1E2009E986C /* FirstScreen.swift */ = {isa = PBXFileReference; lastKnownFileType = sourcecode.swift; path = FirstScreen.swift; sourceTree = "<group>"; };
		28FD1FEE2157C1F8009E986C /* SecondScreen.swift */ = {isa = PBXFileReference; lastKnownFileType = sourcecode.swift; path = SecondScreen.swift; sourceTree = "<group>"; };
/* End PBXFileReference section */

/* Begin PBXFrameworksBuildPhase section */
		28FD1FB521573830009E986C /* Frameworks */ = {
			isa = PBXFrameworksBuildPhase;
			buildActionMask = 2147483647;
			files = (
			);
			runOnlyForDeploymentPostprocessing = 0;
		};
		28FD1FC921573833009E986C /* Frameworks */ = {
			isa = PBXFrameworksBuildPhase;
			buildActionMask = 2147483647;
			files = (
			);
			runOnlyForDeploymentPostprocessing = 0;
		};
		28FD1FD421573833009E986C /* Frameworks */ = {
			isa = PBXFrameworksBuildPhase;
			buildActionMask = 2147483647;
			files = (
			);
			runOnlyForDeploymentPostprocessing = 0;
		};
/* End PBXFrameworksBuildPhase section */

/* Begin PBXGroup section */
		28FD1FAF21573830009E986C = {
			isa = PBXGroup;
			children = (
				28FD1FBA21573830009E986C /* Segues */,
				28FD1FCF21573833009E986C /* SeguesTests */,
				28FD1FDA21573833009E986C /* SeguesUITests */,
				28FD1FB921573830009E986C /* Products */,
			);
			sourceTree = "<group>";
		};
		28FD1FB921573830009E986C /* Products */ = {
			isa = PBXGroup;
			children = (
				28FD1FB821573830009E986C /* Segues.app */,
				28FD1FCC21573833009E986C /* SeguesTests.xctest */,
				28FD1FD721573833009E986C /* SeguesUITests.xctest */,
			);
			name = Products;
			sourceTree = "<group>";
		};
		28FD1FBA21573830009E986C /* Segues */ = {
			isa = PBXGroup;
			children = (
				28FD1FEB2157C1C3009E986C /* AnotherExample */,
				28FD1FBB21573830009E986C /* AppDelegate.swift */,
				28FD1FBD21573830009E986C /* ViewController.swift */,
				28FD1FE921573913009E986C /* SecondViewController.swift */,
				28FD1FBF21573830009E986C /* Main.storyboard */,
				28FD1FC221573833009E986C /* Assets.xcassets */,
				28FD1FC421573833009E986C /* LaunchScreen.storyboard */,
				28FD1FC721573833009E986C /* Info.plist */,
			);
			path = Segues;
			sourceTree = "<group>";
		};
		28FD1FCF21573833009E986C /* SeguesTests */ = {
			isa = PBXGroup;
			children = (
				28FD1FD021573833009E986C /* SeguesTests.swift */,
				28FD1FD221573833009E986C /* Info.plist */,
			);
			path = SeguesTests;
			sourceTree = "<group>";
		};
		28FD1FDA21573833009E986C /* SeguesUITests */ = {
			isa = PBXGroup;
			children = (
				28FD1FDB21573833009E986C /* SeguesUITests.swift */,
				28FD1FDD21573833009E986C /* Info.plist */,
			);
			path = SeguesUITests;
			sourceTree = "<group>";
		};
		28FD1FEB2157C1C3009E986C /* AnotherExample */ = {
			isa = PBXGroup;
			children = (
				28FD1FEC2157C1E2009E986C /* FirstScreen.swift */,
				28FD1FEE2157C1F8009E986C /* SecondScreen.swift */,
			);
			path = AnotherExample;
			sourceTree = "<group>";
		};
/* End PBXGroup section */

/* Begin PBXNativeTarget section */
		28FD1FB721573830009E986C /* Segues */ = {
			isa = PBXNativeTarget;
			buildConfigurationList = 28FD1FE021573833009E986C /* Build configuration list for PBXNativeTarget "Segues" */;
			buildPhases = (
				28FD1FB421573830009E986C /* Sources */,
				28FD1FB521573830009E986C /* Frameworks */,
				28FD1FB621573830009E986C /* Resources */,
			);
			buildRules = (
			);
			dependencies = (
			);
			name = Segues;
			productName = Segues;
			productReference = 28FD1FB821573830009E986C /* Segues.app */;
			productType = "com.apple.product-type.application";
		};
		28FD1FCB21573833009E986C /* SeguesTests */ = {
			isa = PBXNativeTarget;
			buildConfigurationList = 28FD1FE321573833009E986C /* Build configuration list for PBXNativeTarget "SeguesTests" */;
			buildPhases = (
				28FD1FC821573833009E986C /* Sources */,
				28FD1FC921573833009E986C /* Frameworks */,
				28FD1FCA21573833009E986C /* Resources */,
			);
			buildRules = (
			);
			dependencies = (
				28FD1FCE21573833009E986C /* PBXTargetDependency */,
			);
			name = SeguesTests;
			productName = SeguesTests;
			productReference = 28FD1FCC21573833009E986C /* SeguesTests.xctest */;
			productType = "com.apple.product-type.bundle.unit-test";
		};
		28FD1FD621573833009E986C /* SeguesUITests */ = {
			isa = PBXNativeTarget;
			buildConfigurationList = 28FD1FE621573833009E986C /* Build configuration list for PBXNativeTarget "SeguesUITests" */;
			buildPhases = (
				28FD1FD321573833009E986C /* Sources */,
				28FD1FD421573833009E986C /* Frameworks */,
				28FD1FD521573833009E986C /* Resources */,
			);
			buildRules = (
			);
			dependencies = (
				28FD1FD921573833009E986C /* PBXTargetDependency */,
			);
			name = SeguesUITests;
			productName = SeguesUITests;
			productReference = 28FD1FD721573833009E986C /* SeguesUITests.xctest */;
			productType = "com.apple.product-type.bundle.ui-testing";
		};
/* End PBXNativeTarget section */

/* Begin PBXProject section */
		28FD1FB021573830009E986C /* Project object */ = {
			isa = PBXProject;
			attributes = {
				LastSwiftUpdateCheck = 1000;
				LastUpgradeCheck = 1000;
				ORGANIZATIONNAME = apple;
				TargetAttributes = {
					28FD1FB721573830009E986C = {
						CreatedOnToolsVersion = 10.0;
					};
					28FD1FCB21573833009E986C = {
						CreatedOnToolsVersion = 10.0;
						TestTargetID = 28FD1FB721573830009E986C;
					};
					28FD1FD621573833009E986C = {
						CreatedOnToolsVersion = 10.0;
						TestTargetID = 28FD1FB721573830009E986C;
					};
				};
			};
			buildConfigurationList = 28FD1FB321573830009E986C /* Build configuration list for PBXProject "Segues" */;
			compatibilityVersion = "Xcode 9.3";
			developmentRegion = en;
			hasScannedForEncodings = 0;
			knownRegions = (
				en,
				Base,
			);
			mainGroup = 28FD1FAF21573830009E986C;
			productRefGroup = 28FD1FB921573830009E986C /* Products */;
			projectDirPath = "";
			projectRoot = "";
			targets = (
				28FD1FB721573830009E986C /* Segues */,
				28FD1FCB21573833009E986C /* SeguesTests */,
				28FD1FD621573833009E986C /* SeguesUITests */,
			);
		};
/* End PBXProject section */

/* Begin PBXResourcesBuildPhase section */
		28FD1FB621573830009E986C /* Resources */ = {
			isa = PBXResourcesBuildPhase;
			buildActionMask = 2147483647;
			files = (
				28FD1FC621573833009E986C /* LaunchScreen.storyboard in Resources */,
				28FD1FC321573833009E986C /* Assets.xcassets in Resources */,
				28FD1FC121573830009E986C /* Main.storyboard in Resources */,
			);
			runOnlyForDeploymentPostprocessing = 0;
		};
		28FD1FCA21573833009E986C /* Resources */ = {
			isa = PBXResourcesBuildPhase;
			buildActionMask = 2147483647;
			files = (
			);
			runOnlyForDeploymentPostprocessing = 0;
		};
		28FD1FD521573833009E986C /* Resources */ = {
			isa = PBXResourcesBuildPhase;
			buildActionMask = 2147483647;
			files = (
			);
			runOnlyForDeploymentPostprocessing = 0;
		};
/* End PBXResourcesBuildPhase section */

/* Begin PBXSourcesBuildPhase section */
		28FD1FB421573830009E986C /* Sources */ = {
			isa = PBXSourcesBuildPhase;
			buildActionMask = 2147483647;
			files = (
				28FD1FED2157C1E2009E986C /* FirstScreen.swift in Sources */,
				28FD1FEA21573913009E986C /* SecondViewController.swift in Sources */,
				28FD1FBE21573830009E986C /* ViewController.swift in Sources */,
				28FD1FBC21573830009E986C /* AppDelegate.swift in Sources */,
				28FD1FEF2157C1F8009E986C /* SecondScreen.swift in Sources */,
			);
			runOnlyForDeploymentPostprocessing = 0;
		};
		28FD1FC821573833009E986C /* Sources */ = {
			isa = PBXSourcesBuildPhase;
			buildActionMask = 2147483647;
			files = (
				28FD1FD121573833009E986C /* SeguesTests.swift in Sources */,
			);
			runOnlyForDeploymentPostprocessing = 0;
		};
		28FD1FD321573833009E986C /* Sources */ = {
			isa = PBXSourcesBuildPhase;
			buildActionMask = 2147483647;
			files = (
				28FD1FDC21573833009E986C /* SeguesUITests.swift in Sources */,
			);
			runOnlyForDeploymentPostprocessing = 0;
		};
/* End PBXSourcesBuildPhase section */

/* Begin PBXTargetDependency section */
		28FD1FCE21573833009E986C /* PBXTargetDependency */ = {
			isa = PBXTargetDependency;
			target = 28FD1FB721573830009E986C /* Segues */;
			targetProxy = 28FD1FCD21573833009E986C /* PBXContainerItemProxy */;
		};
		28FD1FD921573833009E986C /* PBXTargetDependency */ = {
			isa = PBXTargetDependency;
			target = 28FD1FB721573830009E986C /* Segues */;
			targetProxy = 28FD1FD821573833009E986C /* PBXContainerItemProxy */;
		};
/* End PBXTargetDependency section */

/* Begin PBXVariantGroup section */
		28FD1FBF21573830009E986C /* Main.storyboard */ = {
			isa = PBXVariantGroup;
			children = (
				28FD1FC021573830009E986C /* Base */,
			);
			name = Main.storyboard;
			sourceTree = "<group>";
		};
		28FD1FC421573833009E986C /* LaunchScreen.storyboard */ = {
			isa = PBXVariantGroup;
			children = (
				28FD1FC521573833009E986C /* Base */,
			);
			name = LaunchScreen.storyboard;
			sourceTree = "<group>";
		};
/* End PBXVariantGroup section */

/* Begin XCBuildConfiguration section */
		28FD1FDE21573833009E986C /* Debug */ = {
			isa = XCBuildConfiguration;
			buildSettings = {
				ALWAYS_SEARCH_USER_PATHS = NO;
				CLANG_ANALYZER_NONNULL = YES;
				CLANG_ANALYZER_NUMBER_OBJECT_CONVERSION = YES_AGGRESSIVE;
				CLANG_CXX_LANGUAGE_STANDARD = "gnu++14";
				CLANG_CXX_LIBRARY = "libc++";
				CLANG_ENABLE_MODULES = YES;
				CLANG_ENABLE_OBJC_ARC = YES;
				CLANG_ENABLE_OBJC_WEAK = YES;
				CLANG_WARN_BLOCK_CAPTURE_AUTORELEASING = YES;
				CLANG_WARN_BOOL_CONVERSION = YES;
				CLANG_WARN_COMMA = YES;
				CLANG_WARN_CONSTANT_CONVERSION = YES;
				CLANG_WARN_DEPRECATED_OBJC_IMPLEMENTATIONS = YES;
				CLANG_WARN_DIRECT_OBJC_ISA_USAGE = YES_ERROR;
				CLANG_WARN_DOCUMENTATION_COMMENTS = YES;
				CLANG_WARN_EMPTY_BODY = YES;
				CLANG_WARN_ENUM_CONVERSION = YES;
				CLANG_WARN_INFINITE_RECURSION = YES;
				CLANG_WARN_INT_CONVERSION = YES;
				CLANG_WARN_NON_LITERAL_NULL_CONVERSION = YES;
				CLANG_WARN_OBJC_IMPLICIT_RETAIN_SELF = YES;
				CLANG_WARN_OBJC_LITERAL_CONVERSION = YES;
				CLANG_WARN_OBJC_ROOT_CLASS = YES_ERROR;
				CLANG_WARN_RANGE_LOOP_ANALYSIS = YES;
				CLANG_WARN_STRICT_PROTOTYPES = YES;
				CLANG_WARN_SUSPICIOUS_MOVE = YES;
				CLANG_WARN_UNGUARDED_AVAILABILITY = YES_AGGRESSIVE;
				CLANG_WARN_UNREACHABLE_CODE = YES;
				CLANG_WARN__DUPLICATE_METHOD_MATCH = YES;
				CODE_SIGN_IDENTITY = "iPhone Developer";
				COPY_PHASE_STRIP = NO;
				DEBUG_INFORMATION_FORMAT = dwarf;
				ENABLE_STRICT_OBJC_MSGSEND = YES;
				ENABLE_TESTABILITY = YES;
				GCC_C_LANGUAGE_STANDARD = gnu11;
				GCC_DYNAMIC_NO_PIC = NO;
				GCC_NO_COMMON_BLOCKS = YES;
				GCC_OPTIMIZATION_LEVEL = 0;
				GCC_PREPROCESSOR_DEFINITIONS = (
					"DEBUG=1",
					"$(inherited)",
				);
				GCC_WARN_64_TO_32_BIT_CONVERSION = YES;
				GCC_WARN_ABOUT_RETURN_TYPE = YES_ERROR;
				GCC_WARN_UNDECLARED_SELECTOR = YES;
				GCC_WARN_UNINITIALIZED_AUTOS = YES_AGGRESSIVE;
				GCC_WARN_UNUSED_FUNCTION = YES;
				GCC_WARN_UNUSED_VARIABLE = YES;
				IPHONEOS_DEPLOYMENT_TARGET = 12.0;
				MTL_ENABLE_DEBUG_INFO = INCLUDE_SOURCE;
				MTL_FAST_MATH = YES;
				ONLY_ACTIVE_ARCH = YES;
				SDKROOT = iphoneos;
				SWIFT_ACTIVE_COMPILATION_CONDITIONS = DEBUG;
				SWIFT_OPTIMIZATION_LEVEL = "-Onone";
			};
			name = Debug;
		};
		28FD1FDF21573833009E986C /* Release */ = {
			isa = XCBuildConfiguration;
			buildSettings = {
				ALWAYS_SEARCH_USER_PATHS = NO;
				CLANG_ANALYZER_NONNULL = YES;
				CLANG_ANALYZER_NUMBER_OBJECT_CONVERSION = YES_AGGRESSIVE;
				CLANG_CXX_LANGUAGE_STANDARD = "gnu++14";
				CLANG_CXX_LIBRARY = "libc++";
				CLANG_ENABLE_MODULES = YES;
				CLANG_ENABLE_OBJC_ARC = YES;
				CLANG_ENABLE_OBJC_WEAK = YES;
				CLANG_WARN_BLOCK_CAPTURE_AUTORELEASING = YES;
				CLANG_WARN_BOOL_CONVERSION = YES;
				CLANG_WARN_COMMA = YES;
				CLANG_WARN_CONSTANT_CONVERSION = YES;
				CLANG_WARN_DEPRECATED_OBJC_IMPLEMENTATIONS = YES;
				CLANG_WARN_DIRECT_OBJC_ISA_USAGE = YES_ERROR;
				CLANG_WARN_DOCUMENTATION_COMMENTS = YES;
				CLANG_WARN_EMPTY_BODY = YES;
				CLANG_WARN_ENUM_CONVERSION = YES;
				CLANG_WARN_INFINITE_RECURSION = YES;
				CLANG_WARN_INT_CONVERSION = YES;
				CLANG_WARN_NON_LITERAL_NULL_CONVERSION = YES;
				CLANG_WARN_OBJC_IMPLICIT_RETAIN_SELF = YES;
				CLANG_WARN_OBJC_LITERAL_CONVERSION = YES;
				CLANG_WARN_OBJC_ROOT_CLASS = YES_ERROR;
				CLANG_WARN_RANGE_LOOP_ANALYSIS = YES;
				CLANG_WARN_STRICT_PROTOTYPES = YES;
				CLANG_WARN_SUSPICIOUS_MOVE = YES;
				CLANG_WARN_UNGUARDED_AVAILABILITY = YES_AGGRESSIVE;
				CLANG_WARN_UNREACHABLE_CODE = YES;
				CLANG_WARN__DUPLICATE_METHOD_MATCH = YES;
				CODE_SIGN_IDENTITY = "iPhone Developer";
				COPY_PHASE_STRIP = NO;
				DEBUG_INFORMATION_FORMAT = "dwarf-with-dsym";
				ENABLE_NS_ASSERTIONS = NO;
				ENABLE_STRICT_OBJC_MSGSEND = YES;
				GCC_C_LANGUAGE_STANDARD = gnu11;
				GCC_NO_COMMON_BLOCKS = YES;
				GCC_WARN_64_TO_32_BIT_CONVERSION = YES;
				GCC_WARN_ABOUT_RETURN_TYPE = YES_ERROR;
				GCC_WARN_UNDECLARED_SELECTOR = YES;
				GCC_WARN_UNINITIALIZED_AUTOS = YES_AGGRESSIVE;
				GCC_WARN_UNUSED_FUNCTION = YES;
				GCC_WARN_UNUSED_VARIABLE = YES;
				IPHONEOS_DEPLOYMENT_TARGET = 12.0;
				MTL_ENABLE_DEBUG_INFO = NO;
				MTL_FAST_MATH = YES;
				SDKROOT = iphoneos;
				SWIFT_COMPILATION_MODE = wholemodule;
				SWIFT_OPTIMIZATION_LEVEL = "-O";
				VALIDATE_PRODUCT = YES;
			};
			name = Release;
		};
		28FD1FE121573833009E986C /* Debug */ = {
			isa = XCBuildConfiguration;
			buildSettings = {
				ASSETCATALOG_COMPILER_APPICON_NAME = AppIcon;
				CODE_SIGN_STYLE = Automatic;
				DEVELOPMENT_TEAM = 4755664329;
				INFOPLIST_FILE = Segues/Info.plist;
				LD_RUNPATH_SEARCH_PATHS = (
					"$(inherited)",
					"@executable_path/Frameworks",
				);
				PRODUCT_BUNDLE_IDENTIFIER = exaact.Segues;
				PRODUCT_NAME = "$(TARGET_NAME)";
				SWIFT_VERSION = 4.2;
				TARGETED_DEVICE_FAMILY = "1,2";
			};
			name = Debug;
		};
		28FD1FE221573833009E986C /* Release */ = {
			isa = XCBuildConfiguration;
			buildSettings = {
				ASSETCATALOG_COMPILER_APPICON_NAME = AppIcon;
				CODE_SIGN_STYLE = Automatic;
				DEVELOPMENT_TEAM = 4755664329;
				INFOPLIST_FILE = Segues/Info.plist;
				LD_RUNPATH_SEARCH_PATHS = (
					"$(inherited)",
					"@executable_path/Frameworks",
				);
				PRODUCT_BUNDLE_IDENTIFIER = exaact.Segues;
				PRODUCT_NAME = "$(TARGET_NAME)";
				SWIFT_VERSION = 4.2;
				TARGETED_DEVICE_FAMILY = "1,2";
			};
			name = Release;
		};
		28FD1FE421573833009E986C /* Debug */ = {
			isa = XCBuildConfiguration;
			buildSettings = {
				ALWAYS_EMBED_SWIFT_STANDARD_LIBRARIES = YES;
				BUNDLE_LOADER = "$(TEST_HOST)";
				CODE_SIGN_STYLE = Automatic;
				DEVELOPMENT_TEAM = 4755664329;
				INFOPLIST_FILE = SeguesTests/Info.plist;
				LD_RUNPATH_SEARCH_PATHS = (
					"$(inherited)",
					"@executable_path/Frameworks",
					"@loader_path/Frameworks",
				);
				PRODUCT_BUNDLE_IDENTIFIER = exaact.SeguesTests;
				PRODUCT_NAME = "$(TARGET_NAME)";
				SWIFT_VERSION = 4.2;
				TARGETED_DEVICE_FAMILY = "1,2";
				TEST_HOST = "$(BUILT_PRODUCTS_DIR)/Segues.app/Segues";
			};
			name = Debug;
		};
		28FD1FE521573833009E986C /* Release */ = {
			isa = XCBuildConfiguration;
			buildSettings = {
				ALWAYS_EMBED_SWIFT_STANDARD_LIBRARIES = YES;
				BUNDLE_LOADER = "$(TEST_HOST)";
				CODE_SIGN_STYLE = Automatic;
				DEVELOPMENT_TEAM = 4755664329;
				INFOPLIST_FILE = SeguesTests/Info.plist;
				LD_RUNPATH_SEARCH_PATHS = (
					"$(inherited)",
					"@executable_path/Frameworks",
					"@loader_path/Frameworks",
				);
				PRODUCT_BUNDLE_IDENTIFIER = exaact.SeguesTests;
				PRODUCT_NAME = "$(TARGET_NAME)";
				SWIFT_VERSION = 4.2;
				TARGETED_DEVICE_FAMILY = "1,2";
				TEST_HOST = "$(BUILT_PRODUCTS_DIR)/Segues.app/Segues";
			};
			name = Release;
		};
		28FD1FE721573833009E986C /* Debug */ = {
			isa = XCBuildConfiguration;
			buildSettings = {
				ALWAYS_EMBED_SWIFT_STANDARD_LIBRARIES = YES;
				CODE_SIGN_STYLE = Automatic;
				DEVELOPMENT_TEAM = 4755664329;
				INFOPLIST_FILE = SeguesUITests/Info.plist;
				LD_RUNPATH_SEARCH_PATHS = (
					"$(inherited)",
					"@executable_path/Frameworks",
					"@loader_path/Frameworks",
				);
				PRODUCT_BUNDLE_IDENTIFIER = exaact.SeguesUITests;
				PRODUCT_NAME = "$(TARGET_NAME)";
				SWIFT_VERSION = 4.2;
				TARGETED_DEVICE_FAMILY = "1,2";
				TEST_TARGET_NAME = Segues;
			};
			name = Debug;
		};
		28FD1FE821573833009E986C /* Release */ = {
			isa = XCBuildConfiguration;
			buildSettings = {
				ALWAYS_EMBED_SWIFT_STANDARD_LIBRARIES = YES;
				CODE_SIGN_STYLE = Automatic;
				DEVELOPMENT_TEAM = 4755664329;
				INFOPLIST_FILE = SeguesUITests/Info.plist;
				LD_RUNPATH_SEARCH_PATHS = (
					"$(inherited)",
					"@executable_path/Frameworks",
					"@loader_path/Frameworks",
				);
				PRODUCT_BUNDLE_IDENTIFIER = exaact.SeguesUITests;
				PRODUCT_NAME = "$(TARGET_NAME)";
				SWIFT_VERSION = 4.2;
				TARGETED_DEVICE_FAMILY = "1,2";
				TEST_TARGET_NAME = Segues;
			};
			name = Release;
		};
/* End XCBuildConfiguration section */

/* Begin XCConfigurationList section */
		28FD1FB321573830009E986C /* Build configuration list for PBXProject "Segues" */ = {
			isa = XCConfigurationList;
			buildConfigurations = (
				28FD1FDE21573833009E986C /* Debug */,
				28FD1FDF21573833009E986C /* Release */,
			);
			defaultConfigurationIsVisible = 0;
			defaultConfigurationName = Release;
		};
		28FD1FE021573833009E986C /* Build configuration list for PBXNativeTarget "Segues" */ = {
			isa = XCConfigurationList;
			buildConfigurations = (
				28FD1FE121573833009E986C /* Debug */,
				28FD1FE221573833009E986C /* Release */,
			);
			defaultConfigurationIsVisible = 0;
			defaultConfigurationName = Release;
		};
		28FD1FE321573833009E986C /* Build configuration list for PBXNativeTarget "SeguesTests" */ = {
			isa = XCConfigurationList;
			buildConfigurations = (
				28FD1FE421573833009E986C /* Debug */,
				28FD1FE521573833009E986C /* Release */,
			);
			defaultConfigurationIsVisible = 0;
			defaultConfigurationName = Release;
		};
		28FD1FE621573833009E986C /* Build configuration list for PBXNativeTarget "SeguesUITests" */ = {
			isa = XCConfigurationList;
			buildConfigurations = (
				28FD1FE721573833009E986C /* Debug */,
				28FD1FE821573833009E986C /* Release */,
			);
			defaultConfigurationIsVisible = 0;
			defaultConfigurationName = Release;
		};
/* End XCConfigurationList section */
	};
	rootObject = 28FD1FB021573830009E986C /* Project object */;
}
